
Microsoft Visual Studio Solution File, Format Version 12.00
# Visual Studio Version 17
VisualStudioVersion = 17.3.32929.385
MinimumVisualStudioVersion = 10.0.40219.1
Project("{FAE04EC0-301F-11D3-BF4B-00C04F79EFBC}") = "SchoolData", "SchoolData\SchoolData.csproj", "{8C019CFC-5A39-4060-95BD-284BB0C3E440}"
EndProject
Project("{FAE04EC0-301F-11D3-BF4B-00C04F79EFBC}") = "SchlData.Test", "SchlData.Test\SchlData.Test.csproj", "{A8EF7B9C-A9F4-4317-A226-F6A9852778E9}"
	ProjectSection(ProjectDependencies) = postProject
		{8C019CFC-5A39-4060-95BD-284BB0C3E440} = {8C019CFC-5A39-4060-95BD-284BB0C3E440}
	EndProjectSection
EndProject
Global
	GlobalSection(SolutionConfigurationPlatforms) = preSolution
		Debug|Any CPU = Debug|Any CPU
		Release|Any CPU = Release|Any CPU
	EndGlobalSection
	GlobalSection(ProjectConfigurationPlatforms) = postSolution
		{8C019CFC-5A39-4060-95BD-284BB0C3E440}.Debug|Any CPU.ActiveCfg = Debug|Any CPU
		{8C019CFC-5A39-4060-95BD-284BB0C3E440}.Debug|Any CPU.Build.0 = Debug|Any CPU
		{8C019CFC-5A39-4060-95BD-284BB0C3E440}.Release|Any CPU.ActiveCfg = Release|Any CPU
		{8C019CFC-5A39-4060-95BD-284BB0C3E440}.Release|Any CPU.Build.0 = Release|Any CPU
		{A8EF7B9C-A9F4-4317-A226-F6A9852778E9}.Debug|Any CPU.ActiveCfg = Debug|Any CPU
		{A8EF7B9C-A9F4-4317-A226-F6A9852778E9}.Debug|Any CPU.Build.0 = Debug|Any CPU
		{A8EF7B9C-A9F4-4317-A226-F6A9852778E9}.Release|Any CPU.ActiveCfg = Release|Any CPU
		{A8EF7B9C-A9F4-4317-A226-F6A9852778E9}.Release|Any CPU.Build.0 = Release|Any CPU
	EndGlobalSection
	GlobalSection(SolutionProperties) = preSolution
		HideSolutionNode = FALSE
	EndGlobalSection
	GlobalSection(ExtensibilityGlobals) = postSolution
		SolutionGuid = {6174A2AF-E9CB-4540-BC8D-E74107FA493C}
	EndGlobalSection
EndGlobal
